
Microsoft Visual Studio Solution File, Format Version 12.00
# Visual Studio Version 17
VisualStudioVersion = 17.0.32126.317
MinimumVisualStudioVersion = 10.0.40219.1
Project("{FAE04EC0-301F-11D3-BF4B-00C04F79EFBC}") = "MethodOverloading", "MethodOverloading\MethodOverloading.csproj", "{7F0BA537-CC52-43EC-9972-431D6C915711}"
EndProject
Global
	GlobalSection(SolutionConfigurationPlatforms) = preSolution
		Debug|Any CPU = Debug|Any CPU
		Release|Any CPU = Release|Any CPU
	EndGlobalSection
	GlobalSection(ProjectConfigurationPlatforms) = postSolution
		{7F0BA537-CC52-43EC-9972-431D6C915711}.Debug|Any CPU.ActiveCfg = Debug|Any CPU
		{7F0BA537-CC52-43EC-9972-431D6C915711}.Debug|Any CPU.Build.0 = Debug|Any CPU
		{7F0BA537-CC52-43EC-9972-431D6C915711}.Release|Any CPU.ActiveCfg = Release|Any CPU
		{7F0BA537-CC52-43EC-9972-431D6C915711}.Release|Any CPU.Build.0 = Release|Any CPU
	EndGlobalSection
	GlobalSection(SolutionProperties) = preSolution
		HideSolutionNode = FALSE
	EndGlobalSection
	GlobalSection(ExtensibilityGlobals) = postSolution
		SolutionGuid = {C81A565A-3AB8-43F5-A657-FF7D5B724C48}
	EndGlobalSection
EndGlobal
