
Microsoft Visual Studio Solution File, Format Version 12.00
# Visual Studio Version 17
VisualStudioVersion = 17.0.32126.317
MinimumVisualStudioVersion = 10.0.40219.1
Project("{FAE04EC0-301F-11D3-BF4B-00C04F79EFBC}") = "Cycles", "Cycles\Cycles.csproj", "{97E3E32B-4BF4-490C-BB25-2D90A7FDBC09}"
EndProject
Global
	GlobalSection(SolutionConfigurationPlatforms) = preSolution
		Debug|Any CPU = Debug|Any CPU
		Release|Any CPU = Release|Any CPU
	EndGlobalSection
	GlobalSection(ProjectConfigurationPlatforms) = postSolution
		{97E3E32B-4BF4-490C-BB25-2D90A7FDBC09}.Debug|Any CPU.ActiveCfg = Debug|Any CPU
		{97E3E32B-4BF4-490C-BB25-2D90A7FDBC09}.Debug|Any CPU.Build.0 = Debug|Any CPU
		{97E3E32B-4BF4-490C-BB25-2D90A7FDBC09}.Release|Any CPU.ActiveCfg = Release|Any CPU
		{97E3E32B-4BF4-490C-BB25-2D90A7FDBC09}.Release|Any CPU.Build.0 = Release|Any CPU
	EndGlobalSection
	GlobalSection(SolutionProperties) = preSolution
		HideSolutionNode = FALSE
	EndGlobalSection
	GlobalSection(ExtensibilityGlobals) = postSolution
		SolutionGuid = {3597E20D-39B3-46BF-A164-82BD14CD8C42}
	EndGlobalSection
EndGlobal
